
Microsoft Visual Studio Solution File, Format Version 12.00
# Visual Studio Version 16
VisualStudioVersion = 16.0.29806.167
MinimumVisualStudioVersion = 10.0.40219.1
Project("{FAE04EC0-301F-11D3-BF4B-00C04F79EFBC}") = "PhoneWord.Android", "PhoneWord.Android\PhoneWord.Android.csproj", "{470F1809-3E4A-4415-B137-277B978D173C}"
EndProject
Project("{FAE04EC0-301F-11D3-BF4B-00C04F79EFBC}") = "PhoneWord.iOS", "PhoneWord.iOS\PhoneWord.iOS.csproj", "{77539BEC-0F72-4CAD-AE6B-CB4235557290}"
EndProject
Project("{FAE04EC0-301F-11D3-BF4B-00C04F79EFBC}") = "PhoneWord", "PhoneWord\PhoneWord.csproj", "{3C321B66-B6B6-450F-914A-8ED905D22715}"
EndProject
Global
	GlobalSection(SolutionConfigurationPlatforms) = preSolution
		Debug|Any CPU = Debug|Any CPU
		Debug|iPhone = Debug|iPhone
		Debug|iPhoneSimulator = Debug|iPhoneSimulator
		Release|Any CPU = Release|Any CPU
		Release|iPhone = Release|iPhone
		Release|iPhoneSimulator = Release|iPhoneSimulator
	EndGlobalSection
	GlobalSection(ProjectConfigurationPlatforms) = postSolution
		{470F1809-3E4A-4415-B137-277B978D173C}.Debug|Any CPU.ActiveCfg = Debug|Any CPU
		{470F1809-3E4A-4415-B137-277B978D173C}.Debug|Any CPU.Build.0 = Debug|Any CPU
		{470F1809-3E4A-4415-B137-277B978D173C}.Debug|Any CPU.Deploy.0 = Debug|Any CPU
		{470F1809-3E4A-4415-B137-277B978D173C}.Debug|iPhone.ActiveCfg = Debug|Any CPU
		{470F1809-3E4A-4415-B137-277B978D173C}.Debug|iPhone.Build.0 = Debug|Any CPU
		{470F1809-3E4A-4415-B137-277B978D173C}.Debug|iPhone.Deploy.0 = Debug|Any CPU
		{470F1809-3E4A-4415-B137-277B978D173C}.Debug|iPhoneSimulator.ActiveCfg = Debug|Any CPU
		{470F1809-3E4A-4415-B137-277B978D173C}.Debug|iPhoneSimulator.Build.0 = Debug|Any CPU
		{470F1809-3E4A-4415-B137-277B978D173C}.Debug|iPhoneSimulator.Deploy.0 = Debug|Any CPU
		{470F1809-3E4A-4415-B137-277B978D173C}.Release|Any CPU.ActiveCfg = Release|Any CPU
		{470F1809-3E4A-4415-B137-277B978D173C}.Release|Any CPU.Build.0 = Release|Any CPU
		{470F1809-3E4A-4415-B137-277B978D173C}.Release|Any CPU.Deploy.0 = Release|Any CPU
		{470F1809-3E4A-4415-B137-277B978D173C}.Release|iPhone.ActiveCfg = Release|Any CPU
		{470F1809-3E4A-4415-B137-277B978D173C}.Release|iPhone.Build.0 = Release|Any CPU
		{470F1809-3E4A-4415-B137-277B978D173C}.Release|iPhone.Deploy.0 = Release|Any CPU
		{470F1809-3E4A-4415-B137-277B978D173C}.Release|iPhoneSimulator.ActiveCfg = Release|Any CPU
		{470F1809-3E4A-4415-B137-277B978D173C}.Release|iPhoneSimulator.Build.0 = Release|Any CPU
		{470F1809-3E4A-4415-B137-277B978D173C}.Release|iPhoneSimulator.Deploy.0 = Release|Any CPU
		{77539BEC-0F72-4CAD-AE6B-CB4235557290}.Debug|Any CPU.ActiveCfg = Debug|iPhoneSimulator
		{77539BEC-0F72-4CAD-AE6B-CB4235557290}.Debug|Any CPU.Build.0 = Debug|iPhoneSimulator
		{77539BEC-0F72-4CAD-AE6B-CB4235557290}.Debug|Any CPU.Deploy.0 = Debug|iPhoneSimulator
		{77539BEC-0F72-4CAD-AE6B-CB4235557290}.Debug|iPhone.ActiveCfg = Debug|iPhone
		{77539BEC-0F72-4CAD-AE6B-CB4235557290}.Debug|iPhone.Build.0 = Debug|iPhone
		{77539BEC-0F72-4CAD-AE6B-CB4235557290}.Debug|iPhone.Deploy.0 = Debug|iPhone
		{77539BEC-0F72-4CAD-AE6B-CB4235557290}.Debug|iPhoneSimulator.ActiveCfg = Debug|iPhoneSimulator
		{77539BEC-0F72-4CAD-AE6B-CB4235557290}.Debug|iPhoneSimulator.Build.0 = Debug|iPhoneSimulator
		{77539BEC-0F72-4CAD-AE6B-CB4235557290}.Debug|iPhoneSimulator.Deploy.0 = Debug|iPhoneSimulator
		{77539BEC-0F72-4CAD-AE6B-CB4235557290}.Release|Any CPU.ActiveCfg = Release|iPhone
		{77539BEC-0F72-4CAD-AE6B-CB4235557290}.Release|Any CPU.Build.0 = Release|iPhone
		{77539BEC-0F72-4CAD-AE6B-CB4235557290}.Release|Any CPU.Deploy.0 = Release|iPhone
		{77539BEC-0F72-4CAD-AE6B-CB4235557290}.Release|iPhone.ActiveCfg = Release|iPhone
		{77539BEC-0F72-4CAD-AE6B-CB4235557290}.Release|iPhone.Build.0 = Release|iPhone
		{77539BEC-0F72-4CAD-AE6B-CB4235557290}.Release|iPhone.Deploy.0 = Release|iPhone
		{77539BEC-0F72-4CAD-AE6B-CB4235557290}.Release|iPhoneSimulator.ActiveCfg = Release|iPhoneSimulator
		{77539BEC-0F72-4CAD-AE6B-CB4235557290}.Release|iPhoneSimulator.Build.0 = Release|iPhoneSimulator
		{77539BEC-0F72-4CAD-AE6B-CB4235557290}.Release|iPhoneSimulator.Deploy.0 = Release|iPhoneSimulator
		{3C321B66-B6B6-450F-914A-8ED905D22715}.Debug|Any CPU.ActiveCfg = Debug|Any CPU
		{3C321B66-B6B6-450F-914A-8ED905D22715}.Debug|Any CPU.Build.0 = Debug|Any CPU
		{3C321B66-B6B6-450F-914A-8ED905D22715}.Debug|Any CPU.Deploy.0 = Debug|Any CPU
		{3C321B66-B6B6-450F-914A-8ED905D22715}.Debug|iPhone.ActiveCfg = Debug|Any CPU
		{3C321B66-B6B6-450F-914A-8ED905D22715}.Debug|iPhone.Build.0 = Debug|Any CPU
		{3C321B66-B6B6-450F-914A-8ED905D22715}.Debug|iPhone.Deploy.0 = Debug|Any CPU
		{3C321B66-B6B6-450F-914A-8ED905D22715}.Debug|iPhoneSimulator.ActiveCfg = Debug|Any CPU
		{3C321B66-B6B6-450F-914A-8ED905D22715}.Debug|iPhoneSimulator.Build.0 = Debug|Any CPU
		{3C321B66-B6B6-450F-914A-8ED905D22715}.Debug|iPhoneSimulator.Deploy.0 = Debug|Any CPU
		{3C321B66-B6B6-450F-914A-8ED905D22715}.Release|Any CPU.ActiveCfg = Release|Any CPU
		{3C321B66-B6B6-450F-914A-8ED905D22715}.Release|Any CPU.Build.0 = Release|Any CPU
		{3C321B66-B6B6-450F-914A-8ED905D22715}.Release|Any CPU.Deploy.0 = Release|Any CPU
		{3C321B66-B6B6-450F-914A-8ED905D22715}.Release|iPhone.ActiveCfg = Release|Any CPU
		{3C321B66-B6B6-450F-914A-8ED905D22715}.Release|iPhone.Build.0 = Release|Any CPU
		{3C321B66-B6B6-450F-914A-8ED905D22715}.Release|iPhone.Deploy.0 = Release|Any CPU
		{3C321B66-B6B6-450F-914A-8ED905D22715}.Release|iPhoneSimulator.ActiveCfg = Release|Any CPU
		{3C321B66-B6B6-450F-914A-8ED905D22715}.Release|iPhoneSimulator.Build.0 = Release|Any CPU
		{3C321B66-B6B6-450F-914A-8ED905D22715}.Release|iPhoneSimulator.Deploy.0 = Release|Any CPU
	EndGlobalSection
	GlobalSection(SolutionProperties) = preSolution
		HideSolutionNode = FALSE
	EndGlobalSection
	GlobalSection(ExtensibilityGlobals) = postSolution
		SolutionGuid = {52457DAC-E24E-4220-B546-7067F57D7848}
	EndGlobalSection
EndGlobal
